
Microsoft Visual Studio Solution File, Format Version 11.00
# Visual Studio 2010
Project("{FAE04EC0-301F-11D3-BF4B-00C04F79EFBC}") = "Sample", "Sample.csproj", "{B403C11B-5A42-45AC-9A1F-D5F5C9EFE853}"
EndProject
Global
	GlobalSection(SolutionConfigurationPlatforms) = preSolution
		Debug|iPhoneSimulator = Debug|iPhoneSimulator
		Release|iPhoneSimulator = Release|iPhoneSimulator
		Debug|iPhone = Debug|iPhone
		Release|iPhone = Release|iPhone
		Ad-Hoc|iPhone = Ad-Hoc|iPhone
		AppStore|iPhone = AppStore|iPhone
	EndGlobalSection
	GlobalSection(ProjectConfigurationPlatforms) = postSolution
		{B403C11B-5A42-45AC-9A1F-D5F5C9EFE853}.Ad-Hoc|iPhone.ActiveCfg = Ad-Hoc|iPhone
		{B403C11B-5A42-45AC-9A1F-D5F5C9EFE853}.Ad-Hoc|iPhone.Build.0 = Ad-Hoc|iPhone
		{B403C11B-5A42-45AC-9A1F-D5F5C9EFE853}.AppStore|iPhone.ActiveCfg = AppStore|iPhone
		{B403C11B-5A42-45AC-9A1F-D5F5C9EFE853}.AppStore|iPhone.Build.0 = AppStore|iPhone
		{B403C11B-5A42-45AC-9A1F-D5F5C9EFE853}.Debug|iPhone.ActiveCfg = Debug|iPhone
		{B403C11B-5A42-45AC-9A1F-D5F5C9EFE853}.Debug|iPhone.Build.0 = Debug|iPhone
		{B403C11B-5A42-45AC-9A1F-D5F5C9EFE853}.Debug|iPhoneSimulator.ActiveCfg = Debug|iPhoneSimulator
		{B403C11B-5A42-45AC-9A1F-D5F5C9EFE853}.Debug|iPhoneSimulator.Build.0 = Debug|iPhoneSimulator
		{B403C11B-5A42-45AC-9A1F-D5F5C9EFE853}.Release|iPhone.ActiveCfg = Release|iPhone
		{B403C11B-5A42-45AC-9A1F-D5F5C9EFE853}.Release|iPhone.Build.0 = Release|iPhone
		{B403C11B-5A42-45AC-9A1F-D5F5C9EFE853}.Release|iPhoneSimulator.ActiveCfg = Release|iPhoneSimulator
		{B403C11B-5A42-45AC-9A1F-D5F5C9EFE853}.Release|iPhoneSimulator.Build.0 = Release|iPhoneSimulator
	EndGlobalSection
	GlobalSection(MonoDevelopProperties) = preSolution
		StartupItem = Sample.csproj
	EndGlobalSection
EndGlobal
